
Microsoft Visual Studio Solution File, Format Version 12.00
# Visual Studio Version 17
VisualStudioVersion = 17.6.33801.468
MinimumVisualStudioVersion = 10.0.40219.1
Project("{FAE04EC0-301F-11D3-BF4B-00C04F79EFBC}") = "InfoTrackTechTest", "InfoTrackTechTest\InfoTrackTechTest.csproj", "{07924D68-96C7-4E62-8C58-66BFC2C72B2F}"
EndProject
Global
	GlobalSection(SolutionConfigurationPlatforms) = preSolution
		Debug|Any CPU = Debug|Any CPU
		Release|Any CPU = Release|Any CPU
	EndGlobalSection
	GlobalSection(ProjectConfigurationPlatforms) = postSolution
		{07924D68-96C7-4E62-8C58-66BFC2C72B2F}.Debug|Any CPU.ActiveCfg = Debug|Any CPU
		{07924D68-96C7-4E62-8C58-66BFC2C72B2F}.Debug|Any CPU.Build.0 = Debug|Any CPU
		{07924D68-96C7-4E62-8C58-66BFC2C72B2F}.Release|Any CPU.ActiveCfg = Release|Any CPU
		{07924D68-96C7-4E62-8C58-66BFC2C72B2F}.Release|Any CPU.Build.0 = Release|Any CPU
	EndGlobalSection
	GlobalSection(SolutionProperties) = preSolution
		HideSolutionNode = FALSE
	EndGlobalSection
	GlobalSection(ExtensibilityGlobals) = postSolution
		SolutionGuid = {215B6C80-114F-4012-923A-8355EC3A76A2}
	EndGlobalSection
EndGlobal
